
Microsoft Visual Studio Solution File, Format Version 12.00
# Visual Studio 15
VisualStudioVersion = 15.0.28010.2046
MinimumVisualStudioVersion = 10.0.40219.1
Project("{FAE04EC0-301F-11D3-BF4B-00C04F79EFBC}") = "1 Wprowadzenie", "1 Wprowadzenie\1 Wprowadzenie.csproj", "{D0F3DC7F-8408-4BFD-B012-EB6178B005DE}"
EndProject
Project("{FAE04EC0-301F-11D3-BF4B-00C04F79EFBC}") = "2 Funkcje", "2 Funkcje\2 Funkcje.csproj", "{7C7CE6CC-61A9-470A-9F5A-B5F20CBC4A83}"
EndProject
Global
	GlobalSection(SolutionConfigurationPlatforms) = preSolution
		Debug|Any CPU = Debug|Any CPU
		Release|Any CPU = Release|Any CPU
	EndGlobalSection
	GlobalSection(ProjectConfigurationPlatforms) = postSolution
		{D0F3DC7F-8408-4BFD-B012-EB6178B005DE}.Debug|Any CPU.ActiveCfg = Debug|Any CPU
		{D0F3DC7F-8408-4BFD-B012-EB6178B005DE}.Debug|Any CPU.Build.0 = Debug|Any CPU
		{D0F3DC7F-8408-4BFD-B012-EB6178B005DE}.Release|Any CPU.ActiveCfg = Release|Any CPU
		{D0F3DC7F-8408-4BFD-B012-EB6178B005DE}.Release|Any CPU.Build.0 = Release|Any CPU
		{7C7CE6CC-61A9-470A-9F5A-B5F20CBC4A83}.Debug|Any CPU.ActiveCfg = Debug|Any CPU
		{7C7CE6CC-61A9-470A-9F5A-B5F20CBC4A83}.Debug|Any CPU.Build.0 = Debug|Any CPU
		{7C7CE6CC-61A9-470A-9F5A-B5F20CBC4A83}.Release|Any CPU.ActiveCfg = Release|Any CPU
		{7C7CE6CC-61A9-470A-9F5A-B5F20CBC4A83}.Release|Any CPU.Build.0 = Release|Any CPU
	EndGlobalSection
	GlobalSection(SolutionProperties) = preSolution
		HideSolutionNode = FALSE
	EndGlobalSection
	GlobalSection(ExtensibilityGlobals) = postSolution
		SolutionGuid = {BC3AE848-D16F-4641-9180-A63E23B61060}
	EndGlobalSection
EndGlobal
